[[tools.act]]
version = "0.2.84"
backend = "aqua:nektos/act"

[[tools.cosign]]
version = "3.0.4"
backend = "aqua:sigstore/cosign"

[[tools.git-cliff]]
version = "2.12.0"
backend = "aqua:orhun/git-cliff"

[[tools."github:anchore/quill"]]
version = "0.5.1"
backend = "github:anchore/quill"

[[tools.go]]
version = "1.26.0"
backend = "core:go"

[[tools."go:github.com/securego/gosec/v2/cmd/gosec"]]
version = "2.23.0"
backend = "go:github.com/securego/gosec/v2/cmd/gosec"

[[tools.golangci-lint]]
version = "2.9.0"
backend = "aqua:golangci/golangci-lint"

[[tools.goreleaser]]
version = "2.13.3"
backend = "aqua:goreleaser/goreleaser"

[[tools.just]]
version = "1.46.0"
backend = "aqua:casey/just"

[[tools.markdownlint-cli2]]
version = "0.21.0"
backend = "npm:markdownlint-cli2"

[[tools.node]]
version = "25.6.1"
backend = "core:node"

[[tools."pipx:mdformat"]]
version = "0.7.21"
backend = "pipx:mdformat"

[tools."pipx:mdformat".options]
uvx_args = "--with mdformat-gfm --with mdformat-front-matters --with mdformat-footnote --with mdformat-simple-breaks --with mdformat-gfm-alerts --with mdformat-toc --with mdformat-wikilink --with mdformat-tables"

[[tools."pipx:mkdocs"]]
version = "1.6.1"
backend = "pipx:mkdocs"

[tools."pipx:mkdocs".options]
uvx_args = "--with mkdocs-material --with pymdown-extensions"

[[tools.pre-commit]]
version = "4.5.1"
backend = "aqua:pre-commit/pre-commit"

[[tools.python]]
version = "3.14.3"
backend = "core:python"

[[tools.uv]]
version = "0.10.4"
backend = "aqua:astral-sh/uv"
