lockfileVersion: '9.0'

settings:
  autoInstallPeers: true
  excludeLinksFromLockfile: false

importers:

  .:
    devDependencies:
      '@commitlint/config-conventional':
        specifier: ^19.8.1
        version: 19.8.1
      '@commitlint/format':
        specifier: ^19.8.1
        version: 19.8.1

packages:

  '@commitlint/config-conventional@19.8.1':
    resolution: {integrity: sha512-/AZHJL6F6B/G959CsMAzrPKKZjeEiAVifRyEwXxcT6qtqbPwGw+iQxmNS+Bu+i09OCtdNRW6pNpBvgPrtMr9EQ==}
    engines: {node: '>=v18'}

  '@commitlint/format@19.8.1':
    resolution: {integrity: sha512-kSJj34Rp10ItP+Eh9oCItiuN/HwGQMXBnIRk69jdOwEW9llW9FlyqcWYbHPSGofmjsqeoxa38UaEA5tsbm2JWw==}
    engines: {node: '>=v18'}

  '@commitlint/types@19.8.1':
    resolution: {integrity: sha512-/yCrWGCoA1SVKOks25EGadP9Pnj0oAIHGpl2wH2M2Y46dPM2ueb8wyCVOD7O3WCTkaJ0IkKvzhl1JY7+uCT2Dw==}
    engines: {node: '>=v18'}

  '@types/conventional-commits-parser@5.0.1':
    resolution: {integrity: sha512-7uz5EHdzz2TqoMfV7ee61Egf5y6NkcO4FB/1iCCQnbeiI1F3xzv3vK5dBCXUCLQgGYS+mUeigK1iKQzvED+QnQ==}

  '@types/node@24.0.10':
    resolution: {integrity: sha512-ENHwaH+JIRTDIEEbDK6QSQntAYGtbvdDXnMXnZaZ6k13Du1dPMmprkEHIL7ok2Wl2aZevetwTAb5S+7yIF+enA==}

  array-ify@1.0.0:
    resolution: {integrity: sha512-c5AMf34bKdvPhQ7tBGhqkgKNUzMr4WUs+WDtC2ZUGOUncbxKMTvqxYctiseW3+L4bA8ec+GcZ6/A/FW4m8ukng==}

  chalk@5.4.1:
    resolution: {integrity: sha512-zgVZuo2WcZgfUEmsn6eO3kINexW8RAE4maiQ8QNs8CtpPCSyMiYsULR3HQYkm3w8FIA3SberyMJMSldGsW+U3w==}
    engines: {node: ^12.17.0 || ^14.13 || >=16.0.0}

  compare-func@2.0.0:
    resolution: {integrity: sha512-zHig5N+tPWARooBnb0Zx1MFcdfpyJrfTJ3Y5L+IFvUm8rM74hHz66z0gw0x4tijh5CorKkKUCnW82R2vmpeCRA==}

  conventional-changelog-conventionalcommits@7.0.2:
    resolution: {integrity: sha512-NKXYmMR/Hr1DevQegFB4MwfM5Vv0m4UIxKZTTYuD98lpTknaZlSRrDOG4X7wIXpGkfsYxZTghUN+Qq+T0YQI7w==}
    engines: {node: '>=16'}

  dot-prop@5.3.0:
    resolution: {integrity: sha512-QM8q3zDe58hqUqjraQOmzZ1LIH9SWQJTlEKCH4kJ2oQvLZk7RbQXvtDM2XEq3fwkV9CCvvH4LA0AV+ogFsBM2Q==}
    engines: {node: '>=8'}

  is-obj@2.0.0:
    resolution: {integrity: sha512-drqDG3cbczxxEJRoOXcOjtdp1J/lyp1mNn0xaznRs8+muBhgQcrnbspox5X5fOw0HnMnbfDzvnEMEtqDEJEo8w==}
    engines: {node: '>=8'}

  undici-types@7.8.0:
    resolution: {integrity: sha512-9UJ2xGDvQ43tYyVMpuHlsgApydB8ZKfVYTsLDhXkFL/6gfkp+U8xTGdh8pMJv1SpZna0zxG1DwsKZsreLbXBxw==}

snapshots:

  '@commitlint/config-conventional@19.8.1':
    dependencies:
      '@commitlint/types': 19.8.1
      conventional-changelog-conventionalcommits: 7.0.2

  '@commitlint/format@19.8.1':
    dependencies:
      '@commitlint/types': 19.8.1
      chalk: 5.4.1

  '@commitlint/types@19.8.1':
    dependencies:
      '@types/conventional-commits-parser': 5.0.1
      chalk: 5.4.1

  '@types/conventional-commits-parser@5.0.1':
    dependencies:
      '@types/node': 24.0.10

  '@types/node@24.0.10':
    dependencies:
      undici-types: 7.8.0

  array-ify@1.0.0: {}

  chalk@5.4.1: {}

  compare-func@2.0.0:
    dependencies:
      array-ify: 1.0.0
      dot-prop: 5.3.0

  conventional-changelog-conventionalcommits@7.0.2:
    dependencies:
      compare-func: 2.0.0

  dot-prop@5.3.0:
    dependencies:
      is-obj: 2.0.0

  is-obj@2.0.0: {}

  undici-types@7.8.0: {}
